
Microsoft Visual Studio Solution File, Format Version 12.00
# Visual Studio Version 16
VisualStudioVersion = 16.0.33927.289
MinimumVisualStudioVersion = 10.0.40219.1
Project("{FAE04EC0-301F-11D3-BF4B-00C04F79EFBC}") = "14. for loop", "14. for loop\14. for loop.csproj", "{066DF6DD-EE8B-47FB-AF7E-F423F6AA4DA9}"
EndProject
Global
	GlobalSection(SolutionConfigurationPlatforms) = preSolution
		Debug|Any CPU = Debug|Any CPU
		Release|Any CPU = Release|Any CPU
	EndGlobalSection
	GlobalSection(ProjectConfigurationPlatforms) = postSolution
		{066DF6DD-EE8B-47FB-AF7E-F423F6AA4DA9}.Debug|Any CPU.ActiveCfg = Debug|Any CPU
		{066DF6DD-EE8B-47FB-AF7E-F423F6AA4DA9}.Debug|Any CPU.Build.0 = Debug|Any CPU
		{066DF6DD-EE8B-47FB-AF7E-F423F6AA4DA9}.Release|Any CPU.ActiveCfg = Release|Any CPU
		{066DF6DD-EE8B-47FB-AF7E-F423F6AA4DA9}.Release|Any CPU.Build.0 = Release|Any CPU
	EndGlobalSection
	GlobalSection(SolutionProperties) = preSolution
		HideSolutionNode = FALSE
	EndGlobalSection
	GlobalSection(ExtensibilityGlobals) = postSolution
		SolutionGuid = {BAAA971F-16DB-4CBC-8CB6-C8BC860501D4}
	EndGlobalSection
EndGlobal
